
Microsoft Visual Studio Solution File, Format Version 12.00
# Visual Studio 15
VisualStudioVersion = 15.0.28307.572
MinimumVisualStudioVersion = 10.0.40219.1
Project("{FAE04EC0-301F-11D3-BF4B-00C04F79EFBC}") = "MonoGameDisplayBoilerplate", "MonoGameDisplayBoilerplate\MonoGameDisplayBoilerplate.csproj", "{8575F895-6886-434A-B3DE-73F2C20283E7}"
EndProject
Global
	GlobalSection(SolutionConfigurationPlatforms) = preSolution
		Debug|Any CPU = Debug|Any CPU
		Release|Any CPU = Release|Any CPU
	EndGlobalSection
	GlobalSection(ProjectConfigurationPlatforms) = postSolution
		{8575F895-6886-434A-B3DE-73F2C20283E7}.Debug|Any CPU.ActiveCfg = Debug|Any CPU
		{8575F895-6886-434A-B3DE-73F2C20283E7}.Debug|Any CPU.Build.0 = Debug|Any CPU
		{8575F895-6886-434A-B3DE-73F2C20283E7}.Release|Any CPU.ActiveCfg = Release|Any CPU
		{8575F895-6886-434A-B3DE-73F2C20283E7}.Release|Any CPU.Build.0 = Release|Any CPU
	EndGlobalSection
	GlobalSection(SolutionProperties) = preSolution
		HideSolutionNode = FALSE
	EndGlobalSection
	GlobalSection(ExtensibilityGlobals) = postSolution
		SolutionGuid = {8F61FE91-4A66-4156-B4B4-868EDA04A624}
	EndGlobalSection
EndGlobal
